
Microsoft Visual Studio Solution File, Format Version 12.00
# Visual Studio Version 17
VisualStudioVersion = 17.5.33424.131
MinimumVisualStudioVersion = 10.0.40219.1
Project("{FAE04EC0-301F-11D3-BF4B-00C04F79EFBC}") = "myMLApp", "myMLApp\myMLApp.csproj", "{A82FF19B-FC91-4524-A61E-F50A1B1A483C}"
EndProject
Project("{9A19103F-16F7-4668-BE54-9A1E7A4F7556}") = "SentimentModel_ConsoleApp1", "SentimentModel_ConsoleApp1\SentimentModel_ConsoleApp1.csproj", "{70D883BC-3E3B-44BA-9588-B553185DA77E}"
EndProject
Project("{9A19103F-16F7-4668-BE54-9A1E7A4F7556}") = "SentimentModel_WebApi1", "SentimentModel_WebApi1\SentimentModel_WebApi1.csproj", "{A2FDB78C-BC3D-4E62-B9B1-D1ABC474EDEE}"
EndProject
Global
	GlobalSection(SolutionConfigurationPlatforms) = preSolution
		Debug|Any CPU = Debug|Any CPU
		Release|Any CPU = Release|Any CPU
	EndGlobalSection
	GlobalSection(ProjectConfigurationPlatforms) = postSolution
		{A82FF19B-FC91-4524-A61E-F50A1B1A483C}.Debug|Any CPU.ActiveCfg = Debug|Any CPU
		{A82FF19B-FC91-4524-A61E-F50A1B1A483C}.Debug|Any CPU.Build.0 = Debug|Any CPU
		{A82FF19B-FC91-4524-A61E-F50A1B1A483C}.Release|Any CPU.ActiveCfg = Release|Any CPU
		{A82FF19B-FC91-4524-A61E-F50A1B1A483C}.Release|Any CPU.Build.0 = Release|Any CPU
		{70D883BC-3E3B-44BA-9588-B553185DA77E}.Debug|Any CPU.ActiveCfg = Debug|Any CPU
		{70D883BC-3E3B-44BA-9588-B553185DA77E}.Debug|Any CPU.Build.0 = Debug|Any CPU
		{70D883BC-3E3B-44BA-9588-B553185DA77E}.Release|Any CPU.ActiveCfg = Release|Any CPU
		{70D883BC-3E3B-44BA-9588-B553185DA77E}.Release|Any CPU.Build.0 = Release|Any CPU
		{A2FDB78C-BC3D-4E62-B9B1-D1ABC474EDEE}.Debug|Any CPU.ActiveCfg = Debug|Any CPU
		{A2FDB78C-BC3D-4E62-B9B1-D1ABC474EDEE}.Debug|Any CPU.Build.0 = Debug|Any CPU
		{A2FDB78C-BC3D-4E62-B9B1-D1ABC474EDEE}.Release|Any CPU.ActiveCfg = Release|Any CPU
		{A2FDB78C-BC3D-4E62-B9B1-D1ABC474EDEE}.Release|Any CPU.Build.0 = Release|Any CPU
	EndGlobalSection
	GlobalSection(SolutionProperties) = preSolution
		HideSolutionNode = FALSE
	EndGlobalSection
	GlobalSection(ExtensibilityGlobals) = postSolution
		SolutionGuid = {8840458D-D5A9-4991-B5EB-C43BFECF2207}
	EndGlobalSection
EndGlobal
